
Microsoft Visual Studio Solution File, Format Version 12.00
# Visual Studio Version 17
VisualStudioVersion = 17.9.34622.214
MinimumVisualStudioVersion = 10.0.40219.1
Project("{FAE04EC0-301F-11D3-BF4B-00C04F79EFBC}") = "EmpresaAPI.API", "EmpresaAPI.API\EmpresaAPI.API.csproj", "{8FC63A2C-21FA-4626-B41A-30E089A1EA23}"
EndProject
Project("{2150E333-8FDC-42A3-9474-1A3956D46DE8}") = "1-Presentation", "1-Presentation", "{F6ED976F-320A-4E38-B7B8-17AE21FF5594}"
EndProject
Project("{2150E333-8FDC-42A3-9474-1A3956D46DE8}") = "2-Core", "2-Core", "{DA356174-1686-4D79-87DA-7DC8592DAD12}"
EndProject
Project("{2150E333-8FDC-42A3-9474-1A3956D46DE8}") = "3-Infrastructure", "3-Infrastructure", "{7F40377B-491E-4F77-B466-EA25DD1BC83A}"
EndProject
Project("{2150E333-8FDC-42A3-9474-1A3956D46DE8}") = "4-Common", "4-Common", "{BD894C9F-9BC3-419B-9280-55DAC41CC2DD}"
EndProject
Project("{FAE04EC0-301F-11D3-BF4B-00C04F79EFBC}") = "EmpresaAPI.Common", "EmpresaAPI.Common\EmpresaAPI.Common.csproj", "{E75DD423-3822-4E38-AFB6-ABD372F5DD2E}"
EndProject
Project("{FAE04EC0-301F-11D3-BF4B-00C04F79EFBC}") = "EmpresaAPI.Persistence", "EmpresaAPI.Persistence\EmpresaAPI.Persistence.csproj", "{10FA3520-BEAB-4ADC-A130-A5A35C48747A}"
EndProject
Project("{FAE04EC0-301F-11D3-BF4B-00C04F79EFBC}") = "EmpresaAPI.Domain.Core", "EmpresaAPI.Domain.Core\EmpresaAPI.Domain.Core.csproj", "{D953DABF-EC73-49E1-8356-BD9B4B3E3CDB}"
EndProject
Project("{FAE04EC0-301F-11D3-BF4B-00C04F79EFBC}") = "EmpresaAPI.Domain", "EmpresaAPI.Domain\EmpresaAPI.Domain.csproj", "{78C35AA7-78EF-445D-8919-6757BE3CFCC7}"
EndProject
Global
	GlobalSection(SolutionConfigurationPlatforms) = preSolution
		Debug|Any CPU = Debug|Any CPU
		Release|Any CPU = Release|Any CPU
	EndGlobalSection
	GlobalSection(ProjectConfigurationPlatforms) = postSolution
		{8FC63A2C-21FA-4626-B41A-30E089A1EA23}.Debug|Any CPU.ActiveCfg = Debug|Any CPU
		{8FC63A2C-21FA-4626-B41A-30E089A1EA23}.Debug|Any CPU.Build.0 = Debug|Any CPU
		{8FC63A2C-21FA-4626-B41A-30E089A1EA23}.Release|Any CPU.ActiveCfg = Release|Any CPU
		{8FC63A2C-21FA-4626-B41A-30E089A1EA23}.Release|Any CPU.Build.0 = Release|Any CPU
		{E75DD423-3822-4E38-AFB6-ABD372F5DD2E}.Debug|Any CPU.ActiveCfg = Debug|Any CPU
		{E75DD423-3822-4E38-AFB6-ABD372F5DD2E}.Debug|Any CPU.Build.0 = Debug|Any CPU
		{E75DD423-3822-4E38-AFB6-ABD372F5DD2E}.Release|Any CPU.ActiveCfg = Release|Any CPU
		{E75DD423-3822-4E38-AFB6-ABD372F5DD2E}.Release|Any CPU.Build.0 = Release|Any CPU
		{10FA3520-BEAB-4ADC-A130-A5A35C48747A}.Debug|Any CPU.ActiveCfg = Debug|Any CPU
		{10FA3520-BEAB-4ADC-A130-A5A35C48747A}.Debug|Any CPU.Build.0 = Debug|Any CPU
		{10FA3520-BEAB-4ADC-A130-A5A35C48747A}.Release|Any CPU.ActiveCfg = Release|Any CPU
		{10FA3520-BEAB-4ADC-A130-A5A35C48747A}.Release|Any CPU.Build.0 = Release|Any CPU
		{D953DABF-EC73-49E1-8356-BD9B4B3E3CDB}.Debug|Any CPU.ActiveCfg = Debug|Any CPU
		{D953DABF-EC73-49E1-8356-BD9B4B3E3CDB}.Debug|Any CPU.Build.0 = Debug|Any CPU
		{D953DABF-EC73-49E1-8356-BD9B4B3E3CDB}.Release|Any CPU.ActiveCfg = Release|Any CPU
		{D953DABF-EC73-49E1-8356-BD9B4B3E3CDB}.Release|Any CPU.Build.0 = Release|Any CPU
		{78C35AA7-78EF-445D-8919-6757BE3CFCC7}.Debug|Any CPU.ActiveCfg = Debug|Any CPU
		{78C35AA7-78EF-445D-8919-6757BE3CFCC7}.Debug|Any CPU.Build.0 = Debug|Any CPU
		{78C35AA7-78EF-445D-8919-6757BE3CFCC7}.Release|Any CPU.ActiveCfg = Release|Any CPU
		{78C35AA7-78EF-445D-8919-6757BE3CFCC7}.Release|Any CPU.Build.0 = Release|Any CPU
	EndGlobalSection
	GlobalSection(SolutionProperties) = preSolution
		HideSolutionNode = FALSE
	EndGlobalSection
	GlobalSection(NestedProjects) = preSolution
		{8FC63A2C-21FA-4626-B41A-30E089A1EA23} = {F6ED976F-320A-4E38-B7B8-17AE21FF5594}
		{E75DD423-3822-4E38-AFB6-ABD372F5DD2E} = {BD894C9F-9BC3-419B-9280-55DAC41CC2DD}
		{10FA3520-BEAB-4ADC-A130-A5A35C48747A} = {7F40377B-491E-4F77-B466-EA25DD1BC83A}
		{D953DABF-EC73-49E1-8356-BD9B4B3E3CDB} = {7F40377B-491E-4F77-B466-EA25DD1BC83A}
		{78C35AA7-78EF-445D-8919-6757BE3CFCC7} = {DA356174-1686-4D79-87DA-7DC8592DAD12}
	EndGlobalSection
	GlobalSection(ExtensibilityGlobals) = postSolution
		SolutionGuid = {8282747B-43DB-46B7-AB08-A324DB7BD89F}
	EndGlobalSection
EndGlobal
