
Microsoft Visual Studio Solution File, Format Version 12.00
# Visual Studio Version 17
VisualStudioVersion = 17.8.34322.80
MinimumVisualStudioVersion = 15.0.26124.0
Project("{9A19103F-16F7-4668-BE54-9A1E7A4F7556}") = "EmpresaAPI", "EmpresaAPI\EmpresaAPI.csproj", "{4E18EEF3-99D2-414A-9AA9-4F762CC365B1}"
EndProject
Project("{9A19103F-16F7-4668-BE54-9A1E7A4F7556}") = "EmpresaAPI.IntegrationTests", "EmpresaAPI.IntegrationTests\EmpresaAPI.IntegrationTests.csproj", "{CC31D8C6-6B10-4F38-8199-D67CD3E676BB}"
EndProject
Project("{2150E333-8FDC-42A3-9474-1A3956D46DE8}") = "1-Presentation", "1-Presentation", "{F28F176B-E82A-487B-AB00-AF8E4F09B50C}"
EndProject
Project("{2150E333-8FDC-42A3-9474-1A3956D46DE8}") = "2-Core", "2-Core", "{C7625D04-97BF-4314-9573-00AA09E8EAA7}"
EndProject
Project("{2150E333-8FDC-42A3-9474-1A3956D46DE8}") = "3-Infrastructure", "3-Infrastructure", "{60CC32EB-BF25-4C0E-8929-F28FCEC61DAB}"
EndProject
Project("{2150E333-8FDC-42A3-9474-1A3956D46DE8}") = "4-Common", "4-Common", "{F65DB052-869A-4EEE-B639-5450B79CF1DA}"
EndProject
Project("{9A19103F-16F7-4668-BE54-9A1E7A4F7556}") = "EmpresaAPI.Domain", "EmpresaAPI.Domain\EmpresaAPI.Domain.csproj", "{D86BEE26-0633-4445-8DD0-7130AC47239A}"
EndProject
Project("{9A19103F-16F7-4668-BE54-9A1E7A4F7556}") = "EmpresaAPI.Common", "EmpresaAPI.Common\EmpresaAPI.Common.csproj", "{911AE1C9-7406-416A-A948-FB6173E5DE5D}"
EndProject
Project("{9A19103F-16F7-4668-BE54-9A1E7A4F7556}") = "EmpresaAPI.Domain.Core", "EmpresaAPI.Domain.Core\EmpresaAPI.Domain.Core.csproj", "{03448E0A-27A9-4DF9-9ADA-8FDDCA9D3D4C}"
EndProject
Project("{9A19103F-16F7-4668-BE54-9A1E7A4F7556}") = "EmpresaAPI.Persistence", "EmpresaAPI.Domain.Persistence\EmpresaAPI.Persistence.csproj", "{4FE58420-1604-41E5-9105-8BD9D3C4ED1B}"
EndProject
Project("{FAE04EC0-301F-11D3-BF4B-00C04F79EFBC}") = "EmpresaApi.API", "EmpresaApi.API\EmpresaApi.API.csproj", "{129F83DC-E0EA-4BED-BD91-CD1FB2C398AD}"
EndProject
Global
	GlobalSection(SolutionConfigurationPlatforms) = preSolution
		Debug|Any CPU = Debug|Any CPU
		Debug|x64 = Debug|x64
		Debug|x86 = Debug|x86
		Release|Any CPU = Release|Any CPU
		Release|x64 = Release|x64
		Release|x86 = Release|x86
	EndGlobalSection
	GlobalSection(ProjectConfigurationPlatforms) = postSolution
		{4E18EEF3-99D2-414A-9AA9-4F762CC365B1}.Debug|Any CPU.ActiveCfg = Debug|Any CPU
		{4E18EEF3-99D2-414A-9AA9-4F762CC365B1}.Debug|Any CPU.Build.0 = Debug|Any CPU
		{4E18EEF3-99D2-414A-9AA9-4F762CC365B1}.Debug|x64.ActiveCfg = Debug|Any CPU
		{4E18EEF3-99D2-414A-9AA9-4F762CC365B1}.Debug|x64.Build.0 = Debug|Any CPU
		{4E18EEF3-99D2-414A-9AA9-4F762CC365B1}.Debug|x86.ActiveCfg = Debug|Any CPU
		{4E18EEF3-99D2-414A-9AA9-4F762CC365B1}.Debug|x86.Build.0 = Debug|Any CPU
		{4E18EEF3-99D2-414A-9AA9-4F762CC365B1}.Release|Any CPU.ActiveCfg = Release|Any CPU
		{4E18EEF3-99D2-414A-9AA9-4F762CC365B1}.Release|Any CPU.Build.0 = Release|Any CPU
		{4E18EEF3-99D2-414A-9AA9-4F762CC365B1}.Release|x64.ActiveCfg = Release|Any CPU
		{4E18EEF3-99D2-414A-9AA9-4F762CC365B1}.Release|x64.Build.0 = Release|Any CPU
		{4E18EEF3-99D2-414A-9AA9-4F762CC365B1}.Release|x86.ActiveCfg = Release|Any CPU
		{4E18EEF3-99D2-414A-9AA9-4F762CC365B1}.Release|x86.Build.0 = Release|Any CPU
		{CC31D8C6-6B10-4F38-8199-D67CD3E676BB}.Debug|Any CPU.ActiveCfg = Debug|Any CPU
		{CC31D8C6-6B10-4F38-8199-D67CD3E676BB}.Debug|Any CPU.Build.0 = Debug|Any CPU
		{CC31D8C6-6B10-4F38-8199-D67CD3E676BB}.Debug|x64.ActiveCfg = Debug|Any CPU
		{CC31D8C6-6B10-4F38-8199-D67CD3E676BB}.Debug|x64.Build.0 = Debug|Any CPU
		{CC31D8C6-6B10-4F38-8199-D67CD3E676BB}.Debug|x86.ActiveCfg = Debug|Any CPU
		{CC31D8C6-6B10-4F38-8199-D67CD3E676BB}.Debug|x86.Build.0 = Debug|Any CPU
		{CC31D8C6-6B10-4F38-8199-D67CD3E676BB}.Release|Any CPU.ActiveCfg = Release|Any CPU
		{CC31D8C6-6B10-4F38-8199-D67CD3E676BB}.Release|Any CPU.Build.0 = Release|Any CPU
		{CC31D8C6-6B10-4F38-8199-D67CD3E676BB}.Release|x64.ActiveCfg = Release|Any CPU
		{CC31D8C6-6B10-4F38-8199-D67CD3E676BB}.Release|x64.Build.0 = Release|Any CPU
		{CC31D8C6-6B10-4F38-8199-D67CD3E676BB}.Release|x86.ActiveCfg = Release|Any CPU
		{CC31D8C6-6B10-4F38-8199-D67CD3E676BB}.Release|x86.Build.0 = Release|Any CPU
		{D86BEE26-0633-4445-8DD0-7130AC47239A}.Debug|Any CPU.ActiveCfg = Debug|Any CPU
		{D86BEE26-0633-4445-8DD0-7130AC47239A}.Debug|Any CPU.Build.0 = Debug|Any CPU
		{D86BEE26-0633-4445-8DD0-7130AC47239A}.Debug|x64.ActiveCfg = Debug|Any CPU
		{D86BEE26-0633-4445-8DD0-7130AC47239A}.Debug|x64.Build.0 = Debug|Any CPU
		{D86BEE26-0633-4445-8DD0-7130AC47239A}.Debug|x86.ActiveCfg = Debug|Any CPU
		{D86BEE26-0633-4445-8DD0-7130AC47239A}.Debug|x86.Build.0 = Debug|Any CPU
		{D86BEE26-0633-4445-8DD0-7130AC47239A}.Release|Any CPU.ActiveCfg = Release|Any CPU
		{D86BEE26-0633-4445-8DD0-7130AC47239A}.Release|Any CPU.Build.0 = Release|Any CPU
		{D86BEE26-0633-4445-8DD0-7130AC47239A}.Release|x64.ActiveCfg = Release|Any CPU
		{D86BEE26-0633-4445-8DD0-7130AC47239A}.Release|x64.Build.0 = Release|Any CPU
		{D86BEE26-0633-4445-8DD0-7130AC47239A}.Release|x86.ActiveCfg = Release|Any CPU
		{D86BEE26-0633-4445-8DD0-7130AC47239A}.Release|x86.Build.0 = Release|Any CPU
		{911AE1C9-7406-416A-A948-FB6173E5DE5D}.Debug|Any CPU.ActiveCfg = Debug|Any CPU
		{911AE1C9-7406-416A-A948-FB6173E5DE5D}.Debug|Any CPU.Build.0 = Debug|Any CPU
		{911AE1C9-7406-416A-A948-FB6173E5DE5D}.Debug|x64.ActiveCfg = Debug|Any CPU
		{911AE1C9-7406-416A-A948-FB6173E5DE5D}.Debug|x64.Build.0 = Debug|Any CPU
		{911AE1C9-7406-416A-A948-FB6173E5DE5D}.Debug|x86.ActiveCfg = Debug|Any CPU
		{911AE1C9-7406-416A-A948-FB6173E5DE5D}.Debug|x86.Build.0 = Debug|Any CPU
		{911AE1C9-7406-416A-A948-FB6173E5DE5D}.Release|Any CPU.ActiveCfg = Release|Any CPU
		{911AE1C9-7406-416A-A948-FB6173E5DE5D}.Release|Any CPU.Build.0 = Release|Any CPU
		{911AE1C9-7406-416A-A948-FB6173E5DE5D}.Release|x64.ActiveCfg = Release|Any CPU
		{911AE1C9-7406-416A-A948-FB6173E5DE5D}.Release|x64.Build.0 = Release|Any CPU
		{911AE1C9-7406-416A-A948-FB6173E5DE5D}.Release|x86.ActiveCfg = Release|Any CPU
		{911AE1C9-7406-416A-A948-FB6173E5DE5D}.Release|x86.Build.0 = Release|Any CPU
		{03448E0A-27A9-4DF9-9ADA-8FDDCA9D3D4C}.Debug|Any CPU.ActiveCfg = Debug|Any CPU
		{03448E0A-27A9-4DF9-9ADA-8FDDCA9D3D4C}.Debug|Any CPU.Build.0 = Debug|Any CPU
		{03448E0A-27A9-4DF9-9ADA-8FDDCA9D3D4C}.Debug|x64.ActiveCfg = Debug|Any CPU
		{03448E0A-27A9-4DF9-9ADA-8FDDCA9D3D4C}.Debug|x64.Build.0 = Debug|Any CPU
		{03448E0A-27A9-4DF9-9ADA-8FDDCA9D3D4C}.Debug|x86.ActiveCfg = Debug|Any CPU
		{03448E0A-27A9-4DF9-9ADA-8FDDCA9D3D4C}.Debug|x86.Build.0 = Debug|Any CPU
		{03448E0A-27A9-4DF9-9ADA-8FDDCA9D3D4C}.Release|Any CPU.ActiveCfg = Release|Any CPU
		{03448E0A-27A9-4DF9-9ADA-8FDDCA9D3D4C}.Release|Any CPU.Build.0 = Release|Any CPU
		{03448E0A-27A9-4DF9-9ADA-8FDDCA9D3D4C}.Release|x64.ActiveCfg = Release|Any CPU
		{03448E0A-27A9-4DF9-9ADA-8FDDCA9D3D4C}.Release|x64.Build.0 = Release|Any CPU
		{03448E0A-27A9-4DF9-9ADA-8FDDCA9D3D4C}.Release|x86.ActiveCfg = Release|Any CPU
		{03448E0A-27A9-4DF9-9ADA-8FDDCA9D3D4C}.Release|x86.Build.0 = Release|Any CPU
		{4FE58420-1604-41E5-9105-8BD9D3C4ED1B}.Debug|Any CPU.ActiveCfg = Debug|Any CPU
		{4FE58420-1604-41E5-9105-8BD9D3C4ED1B}.Debug|Any CPU.Build.0 = Debug|Any CPU
		{4FE58420-1604-41E5-9105-8BD9D3C4ED1B}.Debug|x64.ActiveCfg = Debug|Any CPU
		{4FE58420-1604-41E5-9105-8BD9D3C4ED1B}.Debug|x64.Build.0 = Debug|Any CPU
		{4FE58420-1604-41E5-9105-8BD9D3C4ED1B}.Debug|x86.ActiveCfg = Debug|Any CPU
		{4FE58420-1604-41E5-9105-8BD9D3C4ED1B}.Debug|x86.Build.0 = Debug|Any CPU
		{4FE58420-1604-41E5-9105-8BD9D3C4ED1B}.Release|Any CPU.ActiveCfg = Release|Any CPU
		{4FE58420-1604-41E5-9105-8BD9D3C4ED1B}.Release|Any CPU.Build.0 = Release|Any CPU
		{4FE58420-1604-41E5-9105-8BD9D3C4ED1B}.Release|x64.ActiveCfg = Release|Any CPU
		{4FE58420-1604-41E5-9105-8BD9D3C4ED1B}.Release|x64.Build.0 = Release|Any CPU
		{4FE58420-1604-41E5-9105-8BD9D3C4ED1B}.Release|x86.ActiveCfg = Release|Any CPU
		{4FE58420-1604-41E5-9105-8BD9D3C4ED1B}.Release|x86.Build.0 = Release|Any CPU
		{129F83DC-E0EA-4BED-BD91-CD1FB2C398AD}.Debug|Any CPU.ActiveCfg = Debug|Any CPU
		{129F83DC-E0EA-4BED-BD91-CD1FB2C398AD}.Debug|Any CPU.Build.0 = Debug|Any CPU
		{129F83DC-E0EA-4BED-BD91-CD1FB2C398AD}.Debug|x64.ActiveCfg = Debug|Any CPU
		{129F83DC-E0EA-4BED-BD91-CD1FB2C398AD}.Debug|x64.Build.0 = Debug|Any CPU
		{129F83DC-E0EA-4BED-BD91-CD1FB2C398AD}.Debug|x86.ActiveCfg = Debug|Any CPU
		{129F83DC-E0EA-4BED-BD91-CD1FB2C398AD}.Debug|x86.Build.0 = Debug|Any CPU
		{129F83DC-E0EA-4BED-BD91-CD1FB2C398AD}.Release|Any CPU.ActiveCfg = Release|Any CPU
		{129F83DC-E0EA-4BED-BD91-CD1FB2C398AD}.Release|Any CPU.Build.0 = Release|Any CPU
		{129F83DC-E0EA-4BED-BD91-CD1FB2C398AD}.Release|x64.ActiveCfg = Release|Any CPU
		{129F83DC-E0EA-4BED-BD91-CD1FB2C398AD}.Release|x64.Build.0 = Release|Any CPU
		{129F83DC-E0EA-4BED-BD91-CD1FB2C398AD}.Release|x86.ActiveCfg = Release|Any CPU
		{129F83DC-E0EA-4BED-BD91-CD1FB2C398AD}.Release|x86.Build.0 = Release|Any CPU
	EndGlobalSection
	GlobalSection(SolutionProperties) = preSolution
		HideSolutionNode = FALSE
	EndGlobalSection
	GlobalSection(NestedProjects) = preSolution
		{D86BEE26-0633-4445-8DD0-7130AC47239A} = {C7625D04-97BF-4314-9573-00AA09E8EAA7}
		{911AE1C9-7406-416A-A948-FB6173E5DE5D} = {F65DB052-869A-4EEE-B639-5450B79CF1DA}
		{03448E0A-27A9-4DF9-9ADA-8FDDCA9D3D4C} = {60CC32EB-BF25-4C0E-8929-F28FCEC61DAB}
		{4FE58420-1604-41E5-9105-8BD9D3C4ED1B} = {60CC32EB-BF25-4C0E-8929-F28FCEC61DAB}
		{129F83DC-E0EA-4BED-BD91-CD1FB2C398AD} = {F28F176B-E82A-487B-AB00-AF8E4F09B50C}
	EndGlobalSection
	GlobalSection(ExtensibilityGlobals) = postSolution
		SolutionGuid = {AA82A116-8495-48FF-BE80-549F39B29175}
	EndGlobalSection
EndGlobal
